
Microsoft Visual Studio Solution File, Format Version 11.00
# Visual Studio 2010
Project("{FAE04EC0-301F-11D3-BF4B-00C04F79EFBC}") = "DataTransfer", "DataTransfer\DataTransfer.csproj", "{96672512-F903-486C-B7B4-FD4CD3BF0D1B}"
EndProject
Project("{FAE04EC0-301F-11D3-BF4B-00C04F79EFBC}") = "DataAccessLayer", "DataAccessLayer\DataAccessLayer.csproj", "{DEF95B66-D981-44C7-A17D-538727E2C66D}"
EndProject
Project("{2150E333-8FDC-42A3-9474-1A3956D46DE8}") = "Solution Items", "Solution Items", "{295BD64E-DE68-4C3F-9961-51B205740D82}"
	ProjectSection(SolutionItems) = preProject
		DineAndDiscussNHibernate.vsmdi = DineAndDiscussNHibernate.vsmdi
		Local.testsettings = Local.testsettings
		TraceAndTestImpact.testsettings = TraceAndTestImpact.testsettings
	EndProjectSection
EndProject
Project("{E24C65DC-7377-472B-9ABA-BC803B73C61A}") = "WebSite1", "WebSite1\", "{11851ED9-6F59-450A-B73B-0FB61FC020EB}"
	ProjectSection(WebsiteProperties) = preProject
		TargetFrameworkMoniker = ".NETFramework,Version%3Dv4.0"
		ProjectReferences = "{96672512-F903-486C-B7B4-FD4CD3BF0D1B}|DataTransfer.dll;{DEF95B66-D981-44C7-A17D-538727E2C66D}|DataAccessLayer.dll;"
		Debug.AspNetCompiler.VirtualPath = "/WebSite1"
		Debug.AspNetCompiler.PhysicalPath = "WebSite1\"
		Debug.AspNetCompiler.TargetPath = "PrecompiledWeb\WebSite1\"
		Debug.AspNetCompiler.Updateable = "true"
		Debug.AspNetCompiler.ForceOverwrite = "true"
		Debug.AspNetCompiler.FixedNames = "false"
		Debug.AspNetCompiler.Debug = "True"
		Release.AspNetCompiler.VirtualPath = "/WebSite1"
		Release.AspNetCompiler.PhysicalPath = "WebSite1\"
		Release.AspNetCompiler.TargetPath = "PrecompiledWeb\WebSite1\"
		Release.AspNetCompiler.Updateable = "true"
		Release.AspNetCompiler.ForceOverwrite = "true"
		Release.AspNetCompiler.FixedNames = "false"
		Release.AspNetCompiler.Debug = "False"
		VWDPort = "9389"
	EndProjectSection
EndProject
Project("{FAE04EC0-301F-11D3-BF4B-00C04F79EFBC}") = "OfficeOnlineSystemTest", "TestProject2\OfficeOnlineSystemTest.csproj", "{F217F3E2-A1EA-46E6-A493-E7957E1C7089}"
EndProject
Global
	GlobalSection(TestCaseManagementSettings) = postSolution
		CategoryFile = DineAndDiscussNHibernate.vsmdi
	EndGlobalSection
	GlobalSection(SolutionConfigurationPlatforms) = preSolution
		Debug|Any CPU = Debug|Any CPU
		Release|Any CPU = Release|Any CPU
	EndGlobalSection
	GlobalSection(ProjectConfigurationPlatforms) = postSolution
		{96672512-F903-486C-B7B4-FD4CD3BF0D1B}.Debug|Any CPU.ActiveCfg = Debug|Any CPU
		{96672512-F903-486C-B7B4-FD4CD3BF0D1B}.Debug|Any CPU.Build.0 = Debug|Any CPU
		{96672512-F903-486C-B7B4-FD4CD3BF0D1B}.Release|Any CPU.ActiveCfg = Release|Any CPU
		{96672512-F903-486C-B7B4-FD4CD3BF0D1B}.Release|Any CPU.Build.0 = Release|Any CPU
		{DEF95B66-D981-44C7-A17D-538727E2C66D}.Debug|Any CPU.ActiveCfg = Debug|Any CPU
		{DEF95B66-D981-44C7-A17D-538727E2C66D}.Debug|Any CPU.Build.0 = Debug|Any CPU
		{DEF95B66-D981-44C7-A17D-538727E2C66D}.Release|Any CPU.ActiveCfg = Release|Any CPU
		{DEF95B66-D981-44C7-A17D-538727E2C66D}.Release|Any CPU.Build.0 = Release|Any CPU
		{11851ED9-6F59-450A-B73B-0FB61FC020EB}.Debug|Any CPU.ActiveCfg = Debug|Any CPU
		{11851ED9-6F59-450A-B73B-0FB61FC020EB}.Debug|Any CPU.Build.0 = Debug|Any CPU
		{11851ED9-6F59-450A-B73B-0FB61FC020EB}.Release|Any CPU.ActiveCfg = Debug|Any CPU
		{11851ED9-6F59-450A-B73B-0FB61FC020EB}.Release|Any CPU.Build.0 = Debug|Any CPU
		{F217F3E2-A1EA-46E6-A493-E7957E1C7089}.Debug|Any CPU.ActiveCfg = Debug|Any CPU
		{F217F3E2-A1EA-46E6-A493-E7957E1C7089}.Debug|Any CPU.Build.0 = Debug|Any CPU
		{F217F3E2-A1EA-46E6-A493-E7957E1C7089}.Release|Any CPU.ActiveCfg = Release|Any CPU
		{F217F3E2-A1EA-46E6-A493-E7957E1C7089}.Release|Any CPU.Build.0 = Release|Any CPU
	EndGlobalSection
	GlobalSection(SolutionProperties) = preSolution
		HideSolutionNode = FALSE
	EndGlobalSection
EndGlobal
